NeoBundleLock ag.vim 4a0dd6e190f446e5a016b44fdaa2feafc582918e
NeoBundleLock cscope-maps 52496c05e28f69bd2a1659ccaf374dc739e86cb5
NeoBundleLock neobundle.vim 26d03781886ed887e390d4ad8b935987754b1c2c
NeoBundleLock nerdtree a172d7cfcb4fe9b927dcc24184204fc89d826301
NeoBundleLock tagbar 387bbadda98e1376ff3871aa461b1f0abd4ece70
NeoBundleLock taglist.vim 53041fbc45398a9af631a20657e109707a455339
NeoBundleLock vim-lastplace 102b68348eff0d639ce88c5094dab0fdbe4f7c55
NeoBundleLock vim-man cfdc78f52707b4df76cbe57552a7c8c28a390da4
