NeoBundleLock neobundle.vim 4c9a273fd085db60368b3f0fe5a4f2acf2c121df
NeoBundleLock nerdtree 5782b228e495c733af4ba2e547e5dc44ebc8bc25
NeoBundleLock open-browser.vim ee8decb2b26020320128eecd7a96383d995c8804
NeoBundleLock previm 12226fa0e3e807a6498cd6bd6de8af70278203fe
NeoBundleLock vim-lastplace 102b68348eff0d639ce88c5094dab0fdbe4f7c55
NeoBundleLock vim-markdown 70bc31521378e9fbf5cfaf327dfe43ecfbbaee8f
